
Microsoft Visual Studio Solution File, Format Version 12.00
# Visual Studio Version 17
VisualStudioVersion = 17.10.34928.147
MinimumVisualStudioVersion = 10.0.40219.1
Project("{9A19103F-16F7-4668-BE54-9A1E7A4F7556}") = "ELearning.Data", "ELearning.Data\ELearning.Data.csproj", "{E5766646-3D68-40A1-9150-6D1D1C3AAEB9}"
EndProject
Project("{FAE04EC0-301F-11D3-BF4B-00C04F79EFBC}") = "ELearning.Web", "ELearning.Web\ELearning.Web.csproj", "{24AD424A-7E03-4BE5-815D-E9063871549E}"
EndProject
Global
	GlobalSection(SolutionConfigurationPlatforms) = preSolution
		Debug|Any CPU = Debug|Any CPU
		Release|Any CPU = Release|Any CPU
	EndGlobalSection
	GlobalSection(ProjectConfigurationPlatforms) = postSolution
		{E5766646-3D68-40A1-9150-6D1D1C3AAEB9}.Debug|Any CPU.ActiveCfg = Debug|Any CPU
		{E5766646-3D68-40A1-9150-6D1D1C3AAEB9}.Debug|Any CPU.Build.0 = Debug|Any CPU
		{E5766646-3D68-40A1-9150-6D1D1C3AAEB9}.Release|Any CPU.ActiveCfg = Release|Any CPU
		{E5766646-3D68-40A1-9150-6D1D1C3AAEB9}.Release|Any CPU.Build.0 = Release|Any CPU
		{24AD424A-7E03-4BE5-815D-E9063871549E}.Debug|Any CPU.ActiveCfg = Debug|Any CPU
		{24AD424A-7E03-4BE5-815D-E9063871549E}.Debug|Any CPU.Build.0 = Debug|Any CPU
		{24AD424A-7E03-4BE5-815D-E9063871549E}.Release|Any CPU.ActiveCfg = Release|Any CPU
		{24AD424A-7E03-4BE5-815D-E9063871549E}.Release|Any CPU.Build.0 = Release|Any CPU
	EndGlobalSection
	GlobalSection(SolutionProperties) = preSolution
		HideSolutionNode = FALSE
	EndGlobalSection
	GlobalSection(ExtensibilityGlobals) = postSolution
		SolutionGuid = {6D646896-97A2-45EF-8618-0C9B721A1A3A}
	EndGlobalSection
EndGlobal
